// !$*UTF8*$!
{
	archiveVersion = 1;
	classes = {
	};
	objectVersion = 77;
	objects = {

/* Begin PBXBuildFile section */
		AA01BB0100000001AAAAAAAA /* IconState.swift in Sources */ = {isa = PBXBuildFile; fileRef = AA01BB0200000001AAAAAAAA /* IconState.swift */; };
		AA01BB0100000002AAAAAAAA /* MenuBarIcon.swift in Sources */ = {isa = PBXBuildFile; fileRef = AA01BB0200000002AAAAAAAA /* MenuBarIcon.swift */; };
		AA01BB0100000003AAAAAAAA /* PlaybackHubView.swift in Sources */ = {isa = PBXBuildFile; fileRef = AA01BB0200000003AAAAAAAA /* PlaybackHubView.swift */; };
		AA01BB0100000004AAAAAAAA /* MenuBarPlaybackBridge.swift in Sources */ = {isa = PBXBuildFile; fileRef = AA01BB0200000004AAAAAAAA /* MenuBarPlaybackBridge.swift */; };
		07D47CA272A50AEA9C996256 /* PanelPositionerTests.swift in Sources */ = {isa = PBXBuildFile; fileRef = 4322ABB9A3F040AFB47572B2 /* PanelPositionerTests.swift */; };
		082C4F277CA44BFE20D0FF8C /* PanelContent.swift in Sources */ = {isa = PBXBuildFile; fileRef = 650355487092FBF1CD90489F /* PanelContent.swift */; };
		09E8CB980C3F94FB8CAED707 /* FloatingPanel.swift in Sources */ = {isa = PBXBuildFile; fileRef = 84A0E093A4F12DCF05C29F9B /* FloatingPanel.swift */; };
		0B851284326536C287346916 /* SelectionReaderTests.swift in Sources */ = {isa = PBXBuildFile; fileRef = D3EC8D0AE60105669D2E128A /* SelectionReaderTests.swift */; };
		10536B68C9C3B043F4282591 /* PanelPositioner.swift in Sources */ = {isa = PBXBuildFile; fileRef = 4E0D54F8279EA5840ACB6EA3 /* PanelPositioner.swift */; };
		11030CDD46B9724A016BC06E /* GlobalHotkey.swift in Sources */ = {isa = PBXBuildFile; fileRef = 61D359F0A13E3E0F97686D73 /* GlobalHotkey.swift */; };
		1CB5E01E1DBCF5F653916558 /* AccessibilityPermission.swift in Sources */ = {isa = PBXBuildFile; fileRef = 5F68DF7F4E55F0D3C431D5E7 /* AccessibilityPermission.swift */; };
		1F35D3F49F98CDBFE5A6360F /* BrowserURLSource.swift in Sources */ = {isa = PBXBuildFile; fileRef = 9FFBF7D39015A71D0566F006 /* BrowserURLSource.swift */; };
		281EA51ABC606C15DCDAAF93 /* PlaybackCoordinatorTests.swift in Sources */ = {isa = PBXBuildFile; fileRef = 9D275F65A78100F5AEC139ED /* PlaybackCoordinatorTests.swift */; };
		2E73C1D4F0C93CC14D7AEBB2 /* Diagnostics.swift in Sources */ = {isa = PBXBuildFile; fileRef = 3FA712281E01296EF1762A72 /* Diagnostics.swift */; };
		343293A77E4F7B54B12E44EB /* VisualEffectBackground.swift in Sources */ = {isa = PBXBuildFile; fileRef = C7CA9DFC30C00FE7661E8EC9 /* VisualEffectBackground.swift */; };
		35723048FD8093B09ECE82F7 /* PermissionCoordinator.swift in Sources */ = {isa = PBXBuildFile; fileRef = 23560E679E1BCEE96C6197B3 /* PermissionCoordinator.swift */; };
		3739A8010A4DC7914D2696B8 /* SessionStore.swift in Sources */ = {isa = PBXBuildFile; fileRef = 7B1ED06DFAC1CD8DE1254488 /* SessionStore.swift */; };
		3E6BDA6663282FA55D0F26BA /* ContentSource.swift in Sources */ = {isa = PBXBuildFile; fileRef = 10220536275C03C0BF2020D6 /* ContentSource.swift */; };
		449C34B48F54E84EAD7C0984 /* BackendProcess.swift in Sources */ = {isa = PBXBuildFile; fileRef = ECC3E034930CEA0A13CD4CB9 /* BackendProcess.swift */; };
		48AA20544D243E488F919FE9 /* DiagnosticsTests.swift in Sources */ = {isa = PBXBuildFile; fileRef = EB3F472AF5824D76DFF56D33 /* DiagnosticsTests.swift */; };
		4C9993A1A34B2100BBA9BD2A /* TranscriptWindow.swift in Sources */ = {isa = PBXBuildFile; fileRef = 9F21DD89CB1DB55DA5B340A2 /* TranscriptWindow.swift */; };
		5307A5F0CE739BED8FF4E000 /* PanelController.swift in Sources */ = {isa = PBXBuildFile; fileRef = 873D1F69608895E123A8D6FC /* PanelController.swift */; };
		5D31E40F58E85208F80C00B0 /* BackendClient.swift in Sources */ = {isa = PBXBuildFile; fileRef = 6798A4F7ED2CB2C41A01D0DF /* BackendClient.swift */; };
		5F4400975BADEF3AF7A3EBAF /* DiagnosticsMenu.swift in Sources */ = {isa = PBXBuildFile; fileRef = 371231B81F56872907D87A7E /* DiagnosticsMenu.swift */; };
		65604C6E459644B7DA661338 /* Keychain.swift in Sources */ = {isa = PBXBuildFile; fileRef = E1DD401E8ECC683293028F4F /* Keychain.swift */; };
		671DC84DF13634D4D459D541 /* TextAppSource.swift in Sources */ = {isa = PBXBuildFile; fileRef = 6A85D0BB3738610DA9538300 /* TextAppSource.swift */; };
		68B16A789DE1E93D0CFBB9F1 /* SusurroApp.swift in Sources */ = {isa = PBXBuildFile; fileRef = BA2C69786A97D2FD135087F5 /* SusurroApp.swift */; };
		74ECFEBBDF0E479263A8BA00 /* Logging.swift in Sources */ = {isa = PBXBuildFile; fileRef = 16C6622D79F394C34231FB27 /* Logging.swift */; };
		8E1C8BF6F218A301D0AC304C /* PermissionWindow.swift in Sources */ = {isa = PBXBuildFile; fileRef = A6A7B83C6B89CC2599DDE044 /* PermissionWindow.swift */; };
		9D1BE0196E466DA3231B5DA5 /* SourceResolver.swift in Sources */ = {isa = PBXBuildFile; fileRef = A13571011A6ACAAF59135D95 /* SourceResolver.swift */; };
		A233636E3438EFC1D58BE900 /* AccessibilityPermissionTests.swift in Sources */ = {isa = PBXBuildFile; fileRef = 2EFE953F37BB457E966830CF /* AccessibilityPermissionTests.swift */; };
		A2812E7BDC5FFBE8074A4350 /* AppStateTests.swift in Sources */ = {isa = PBXBuildFile; fileRef = 914A132B59FC2B0FD7A9A2E3 /* AppStateTests.swift */; };
		B02BF00A400FE627995DA36E /* PlaybackCoordinator.swift in Sources */ = {isa = PBXBuildFile; fileRef = C8F458D52C278864FCEBC915 /* PlaybackCoordinator.swift */; };
		B5520466B0F9A6B5FC3D245E /* BackendProcessTests.swift in Sources */ = {isa = PBXBuildFile; fileRef = A36E4C7E534D1021B0B99611 /* BackendProcessTests.swift */; };
		CE506843F7D8A6E856FD459F /* SelectionReader.swift in Sources */ = {isa = PBXBuildFile; fileRef = DBC21D43392AD604C426CBC7 /* SelectionReader.swift */; };
		D22923CAA562AB0BFFF83587 /* TTSConfigWindow.swift in Sources */ = {isa = PBXBuildFile; fileRef = 8848B6BC1FF58D5E23C18FE2 /* TTSConfigWindow.swift */; };
		D47F2055BB5ED75ED46158CA /* PDFKitSource.swift in Sources */ = {isa = PBXBuildFile; fileRef = 44B2987664520BF898214521 /* PDFKitSource.swift */; };
		E380060A2A297F597BE4ABB3 /* TTSSettings.swift in Sources */ = {isa = PBXBuildFile; fileRef = 65D6BFDB9B024D161D14B853 /* TTSSettings.swift */; };
		EC5574E61E84D8BE3EEF453F /* SelectableTextView.swift in Sources */ = {isa = PBXBuildFile; fileRef = 69F5A1CCF2551C93F4A6729F /* SelectableTextView.swift */; };
		EEB63BFFEB23A5034F17412C /* TTSMenu.swift in Sources */ = {isa = PBXBuildFile; fileRef = 86BD95B16D32D67F13EA24E0 /* TTSMenu.swift */; };
		F6DBA5F2F7B810874B8B4CBC /* SelectionObserver.swift in Sources */ = {isa = PBXBuildFile; fileRef = 231B243B6DF5B6D310D7F80D /* SelectionObserver.swift */; };
		F895A09CCC35935BFEDDC5BC /* Lockfile.swift in Sources */ = {isa = PBXBuildFile; fileRef = 3796972D80C57F41F931879D /* Lockfile.swift */; };
		FB6D022ACB2D77A1AD588FEE /* MenuBarView.swift in Sources */ = {isa = PBXBuildFile; fileRef = 492D62CBF47CFBADC2106DAA /* MenuBarView.swift */; };
		FC28C6ABEB557CAA4EDD2BCA /* PronunciationsWindow.swift in Sources */ = {isa = PBXBuildFile; fileRef = ECC3FBC292A80B7241784E85 /* PronunciationsWindow.swift */; };
		FE9337EA1BFEC2405E813D6F /* AppState.swift in Sources */ = {isa = PBXBuildFile; fileRef = 6D71EA7FAD737A685ABC513E /* AppState.swift */; };
/* End PBXBuildFile section */

/* Begin PBXContainerItemProxy section */
		6B6234967EC53D896A3EC8F4 /* PBXContainerItemProxy */ = {
			isa = PBXContainerItemProxy;
			containerPortal = C7BA8E98AE67A386841A2BE0 /* Project object */;
			proxyType = 1;
			remoteGlobalIDString = 4B4E79304761037C05D18E8B;
			remoteInfo = Susurro;
		};
/* End PBXContainerItemProxy section */

/* Begin PBXFileReference section */
		AA01BB0200000001AAAAAAAA /* IconState.swift */ = {isa = PBXFileReference; lastKnownFileType = sourcecode.swift; path = IconState.swift; sourceTree = "<group>"; };
		AA01BB0200000002AAAAAAAA /* MenuBarIcon.swift */ = {isa = PBXFileReference; lastKnownFileType = sourcecode.swift; path = MenuBarIcon.swift; sourceTree = "<group>"; };
		AA01BB0200000003AAAAAAAA /* PlaybackHubView.swift */ = {isa = PBXFileReference; lastKnownFileType = sourcecode.swift; path = PlaybackHubView.swift; sourceTree = "<group>"; };
		AA01BB0200000004AAAAAAAA /* MenuBarPlaybackBridge.swift */ = {isa = PBXFileReference; lastKnownFileType = sourcecode.swift; path = MenuBarPlaybackBridge.swift; sourceTree = "<group>"; };
		10220536275C03C0BF2020D6 /* ContentSource.swift */ = {isa = PBXFileReference; lastKnownFileType = sourcecode.swift; path = ContentSource.swift; sourceTree = "<group>"; };
		16C6622D79F394C34231FB27 /* Logging.swift */ = {isa = PBXFileReference; lastKnownFileType = sourcecode.swift; path = Logging.swift; sourceTree = "<group>"; };
		19180225883D9D48C4DB3822 /* Susurro.entitlements */ = {isa = PBXFileReference; lastKnownFileType = text.plist.entitlements; path = Susurro.entitlements; sourceTree = "<group>"; };
		231B243B6DF5B6D310D7F80D /* SelectionObserver.swift */ = {isa = PBXFileReference; lastKnownFileType = sourcecode.swift; path = SelectionObserver.swift; sourceTree = "<group>"; };
		23560E679E1BCEE96C6197B3 /* PermissionCoordinator.swift */ = {isa = PBXFileReference; lastKnownFileType = sourcecode.swift; path = PermissionCoordinator.swift; sourceTree = "<group>"; };
		2EFE953F37BB457E966830CF /* AccessibilityPermissionTests.swift */ = {isa = PBXFileReference; lastKnownFileType = sourcecode.swift; path = AccessibilityPermissionTests.swift; sourceTree = "<group>"; };
		371231B81F56872907D87A7E /* DiagnosticsMenu.swift */ = {isa = PBXFileReference; lastKnownFileType = sourcecode.swift; path = DiagnosticsMenu.swift; sourceTree = "<group>"; };
		3796972D80C57F41F931879D /* Lockfile.swift */ = {isa = PBXFileReference; lastKnownFileType = sourcecode.swift; path = Lockfile.swift; sourceTree = "<group>"; };
		3827E70F2F6E561D053A47A4 /* Info.plist */ = {isa = PBXFileReference; lastKnownFileType = text.plist; path = Info.plist; sourceTree = "<group>"; };
		3FA712281E01296EF1762A72 /* Diagnostics.swift */ = {isa = PBXFileReference; lastKnownFileType = sourcecode.swift; path = Diagnostics.swift; sourceTree = "<group>"; };
		4322ABB9A3F040AFB47572B2 /* PanelPositionerTests.swift */ = {isa = PBXFileReference; lastKnownFileType = sourcecode.swift; path = PanelPositionerTests.swift; sourceTree = "<group>"; };
		44B2987664520BF898214521 /* PDFKitSource.swift */ = {isa = PBXFileReference; lastKnownFileType = sourcecode.swift; path = PDFKitSource.swift; sourceTree = "<group>"; };
		45A8E0314B400FAB476BB330 /* SusurroTests.xctest */ = {isa = PBXFileReference; explicitFileType = wrapper.cfbundle; includeInIndex = 0; path = SusurroTests.xctest; sourceTree = BUILT_PRODUCTS_DIR; };
		492D62CBF47CFBADC2106DAA /* MenuBarView.swift */ = {isa = PBXFileReference; lastKnownFileType = sourcecode.swift; path = MenuBarView.swift; sourceTree = "<group>"; };
		4E0D54F8279EA5840ACB6EA3 /* PanelPositioner.swift */ = {isa = PBXFileReference; lastKnownFileType = sourcecode.swift; path = PanelPositioner.swift; sourceTree = "<group>"; };
		5F68DF7F4E55F0D3C431D5E7 /* AccessibilityPermission.swift */ = {isa = PBXFileReference; lastKnownFileType = sourcecode.swift; path = AccessibilityPermission.swift; sourceTree = "<group>"; };
		61D359F0A13E3E0F97686D73 /* GlobalHotkey.swift */ = {isa = PBXFileReference; lastKnownFileType = sourcecode.swift; path = GlobalHotkey.swift; sourceTree = "<group>"; };
		650355487092FBF1CD90489F /* PanelContent.swift */ = {isa = PBXFileReference; lastKnownFileType = sourcecode.swift; path = PanelContent.swift; sourceTree = "<group>"; };
		65D6BFDB9B024D161D14B853 /* TTSSettings.swift */ = {isa = PBXFileReference; lastKnownFileType = sourcecode.swift; path = TTSSettings.swift; sourceTree = "<group>"; };
		6798A4F7ED2CB2C41A01D0DF /* BackendClient.swift */ = {isa = PBXFileReference; lastKnownFileType = sourcecode.swift; path = BackendClient.swift; sourceTree = "<group>"; };
		69F5A1CCF2551C93F4A6729F /* SelectableTextView.swift */ = {isa = PBXFileReference; lastKnownFileType = sourcecode.swift; path = SelectableTextView.swift; sourceTree = "<group>"; };
		6A85D0BB3738610DA9538300 /* TextAppSource.swift */ = {isa = PBXFileReference; lastKnownFileType = sourcecode.swift; path = TextAppSource.swift; sourceTree = "<group>"; };
		6D71EA7FAD737A685ABC513E /* AppState.swift */ = {isa = PBXFileReference; lastKnownFileType = sourcecode.swift; path = AppState.swift; sourceTree = "<group>"; };
		7B1ED06DFAC1CD8DE1254488 /* SessionStore.swift */ = {isa = PBXFileReference; lastKnownFileType = sourcecode.swift; path = SessionStore.swift; sourceTree = "<group>"; };
		84A0E093A4F12DCF05C29F9B /* FloatingPanel.swift */ = {isa = PBXFileReference; lastKnownFileType = sourcecode.swift; path = FloatingPanel.swift; sourceTree = "<group>"; };
		86BD95B16D32D67F13EA24E0 /* TTSMenu.swift */ = {isa = PBXFileReference; lastKnownFileType = sourcecode.swift; path = TTSMenu.swift; sourceTree = "<group>"; };
		873D1F69608895E123A8D6FC /* PanelController.swift */ = {isa = PBXFileReference; lastKnownFileType = sourcecode.swift; path = PanelController.swift; sourceTree = "<group>"; };
		8848B6BC1FF58D5E23C18FE2 /* TTSConfigWindow.swift */ = {isa = PBXFileReference; lastKnownFileType = sourcecode.swift; path = TTSConfigWindow.swift; sourceTree = "<group>"; };
		914A132B59FC2B0FD7A9A2E3 /* AppStateTests.swift */ = {isa = PBXFileReference; lastKnownFileType = sourcecode.swift; path = AppStateTests.swift; sourceTree = "<group>"; };
		9D275F65A78100F5AEC139ED /* PlaybackCoordinatorTests.swift */ = {isa = PBXFileReference; lastKnownFileType = sourcecode.swift; path = PlaybackCoordinatorTests.swift; sourceTree = "<group>"; };
		9F21DD89CB1DB55DA5B340A2 /* TranscriptWindow.swift */ = {isa = PBXFileReference; lastKnownFileType = sourcecode.swift; path = TranscriptWindow.swift; sourceTree = "<group>"; };
		9FFBF7D39015A71D0566F006 /* BrowserURLSource.swift */ = {isa = PBXFileReference; lastKnownFileType = sourcecode.swift; path = BrowserURLSource.swift; sourceTree = "<group>"; };
		A13571011A6ACAAF59135D95 /* SourceResolver.swift */ = {isa = PBXFileReference; lastKnownFileType = sourcecode.swift; path = SourceResolver.swift; sourceTree = "<group>"; };
		A36E4C7E534D1021B0B99611 /* BackendProcessTests.swift */ = {isa = PBXFileReference; lastKnownFileType = sourcecode.swift; path = BackendProcessTests.swift; sourceTree = "<group>"; };
		A6A7B83C6B89CC2599DDE044 /* PermissionWindow.swift */ = {isa = PBXFileReference; lastKnownFileType = sourcecode.swift; path = PermissionWindow.swift; sourceTree = "<group>"; };
		B14D602A59AFD8E07526996B /* Susurro.app */ = {isa = PBXFileReference; explicitFileType = wrapper.application; includeInIndex = 0; path = Susurro.app; sourceTree = BUILT_PRODUCTS_DIR; };
		BA2C69786A97D2FD135087F5 /* SusurroApp.swift */ = {isa = PBXFileReference; lastKnownFileType = sourcecode.swift; path = SusurroApp.swift; sourceTree = "<group>"; };
		C7CA9DFC30C00FE7661E8EC9 /* VisualEffectBackground.swift */ = {isa = PBXFileReference; lastKnownFileType = sourcecode.swift; path = VisualEffectBackground.swift; sourceTree = "<group>"; };
		C8F458D52C278864FCEBC915 /* PlaybackCoordinator.swift */ = {isa = PBXFileReference; lastKnownFileType = sourcecode.swift; path = PlaybackCoordinator.swift; sourceTree = "<group>"; };
		D3EC8D0AE60105669D2E128A /* SelectionReaderTests.swift */ = {isa = PBXFileReference; lastKnownFileType = sourcecode.swift; path = SelectionReaderTests.swift; sourceTree = "<group>"; };
		DBC21D43392AD604C426CBC7 /* SelectionReader.swift */ = {isa = PBXFileReference; lastKnownFileType = sourcecode.swift; path = SelectionReader.swift; sourceTree = "<group>"; };
		E1DD401E8ECC683293028F4F /* Keychain.swift */ = {isa = PBXFileReference; lastKnownFileType = sourcecode.swift; path = Keychain.swift; sourceTree = "<group>"; };
		EB3F472AF5824D76DFF56D33 /* DiagnosticsTests.swift */ = {isa = PBXFileReference; lastKnownFileType = sourcecode.swift; path = DiagnosticsTests.swift; sourceTree = "<group>"; };
		ECC3E034930CEA0A13CD4CB9 /* BackendProcess.swift */ = {isa = PBXFileReference; lastKnownFileType = sourcecode.swift; path = BackendProcess.swift; sourceTree = "<group>"; };
		ECC3FBC292A80B7241784E85 /* PronunciationsWindow.swift */ = {isa = PBXFileReference; lastKnownFileType = sourcecode.swift; path = PronunciationsWindow.swift; sourceTree = "<group>"; };
/* End PBXFileReference section */

/* Begin PBXGroup section */
		08F41DA4B5E88FBA80EAF3CE /* Panel */ = {
			isa = PBXGroup;
			children = (
				84A0E093A4F12DCF05C29F9B /* FloatingPanel.swift */,
				650355487092FBF1CD90489F /* PanelContent.swift */,
				873D1F69608895E123A8D6FC /* PanelController.swift */,
				4E0D54F8279EA5840ACB6EA3 /* PanelPositioner.swift */,
				4322ABB9A3F040AFB47572B2 /* PanelPositionerTests.swift */,
				C7CA9DFC30C00FE7661E8EC9 /* VisualEffectBackground.swift */,
			);
			path = Panel;
			sourceTree = "<group>";
		};
		210262572B5A722B59F7E900 /* Playback */ = {
			isa = PBXGroup;
			children = (
				C8F458D52C278864FCEBC915 /* PlaybackCoordinator.swift */,
				9D275F65A78100F5AEC139ED /* PlaybackCoordinatorTests.swift */,
				AA01BB0200000004AAAAAAAA /* MenuBarPlaybackBridge.swift */,
				69F5A1CCF2551C93F4A6729F /* SelectableTextView.swift */,
				7B1ED06DFAC1CD8DE1254488 /* SessionStore.swift */,
				9F21DD89CB1DB55DA5B340A2 /* TranscriptWindow.swift */,
			);
			path = Playback;
			sourceTree = "<group>";
		};
		AA01BB0300000001AAAAAAAA /* MenuBar */ = {
			isa = PBXGroup;
			children = (
				AA01BB0200000001AAAAAAAA /* IconState.swift */,
				AA01BB0200000002AAAAAAAA /* MenuBarIcon.swift */,
				AA01BB0200000003AAAAAAAA /* PlaybackHubView.swift */,
			);
			path = MenuBar;
			sourceTree = "<group>";
		};
		435C31EE73E4CA7F1ED9ED7A /* Selection */ = {
			isa = PBXGroup;
			children = (
				231B243B6DF5B6D310D7F80D /* SelectionObserver.swift */,
				DBC21D43392AD604C426CBC7 /* SelectionReader.swift */,
				D3EC8D0AE60105669D2E128A /* SelectionReaderTests.swift */,
			);
			path = Selection;
			sourceTree = "<group>";
		};
		4544B534797E0EB1808AAA44 /* TTS */ = {
			isa = PBXGroup;
			children = (
				E1DD401E8ECC683293028F4F /* Keychain.swift */,
				ECC3FBC292A80B7241784E85 /* PronunciationsWindow.swift */,
				8848B6BC1FF58D5E23C18FE2 /* TTSConfigWindow.swift */,
				86BD95B16D32D67F13EA24E0 /* TTSMenu.swift */,
				65D6BFDB9B024D161D14B853 /* TTSSettings.swift */,
			);
			path = TTS;
			sourceTree = "<group>";
		};
		6C0F23C7037FB9DD5D1893EB /* Backend */ = {
			isa = PBXGroup;
			children = (
				6798A4F7ED2CB2C41A01D0DF /* BackendClient.swift */,
				ECC3E034930CEA0A13CD4CB9 /* BackendProcess.swift */,
				A36E4C7E534D1021B0B99611 /* BackendProcessTests.swift */,
				3796972D80C57F41F931879D /* Lockfile.swift */,
			);
			path = Backend;
			sourceTree = "<group>";
		};
		700A2197088E9E8C2C6A40D9 = {
			isa = PBXGroup;
			children = (
				ED0E8A5721FF41B740791DEF /* Susurro */,
				E19972ADFB076628B889626B /* Products */,
			);
			sourceTree = "<group>";
		};
		9056F391BA56546795521D37 /* Hotkey */ = {
			isa = PBXGroup;
			children = (
				61D359F0A13E3E0F97686D73 /* GlobalHotkey.swift */,
			);
			path = Hotkey;
			sourceTree = "<group>";
		};
		A180AF8DA38D35DAD4FA074A /* Diagnostics */ = {
			isa = PBXGroup;
			children = (
				3FA712281E01296EF1762A72 /* Diagnostics.swift */,
				371231B81F56872907D87A7E /* DiagnosticsMenu.swift */,
				EB3F472AF5824D76DFF56D33 /* DiagnosticsTests.swift */,
			);
			path = Diagnostics;
			sourceTree = "<group>";
		};
		AA5405596110305D0D271723 /* Accessibility */ = {
			isa = PBXGroup;
			children = (
				5F68DF7F4E55F0D3C431D5E7 /* AccessibilityPermission.swift */,
				2EFE953F37BB457E966830CF /* AccessibilityPermissionTests.swift */,
				23560E679E1BCEE96C6197B3 /* PermissionCoordinator.swift */,
				A6A7B83C6B89CC2599DDE044 /* PermissionWindow.swift */,
			);
			path = Accessibility;
			sourceTree = "<group>";
		};
		D9C3A2009D2A1F6716EA1EE2 /* Sources */ = {
			isa = PBXGroup;
			children = (
				9FFBF7D39015A71D0566F006 /* BrowserURLSource.swift */,
				10220536275C03C0BF2020D6 /* ContentSource.swift */,
				44B2987664520BF898214521 /* PDFKitSource.swift */,
				A13571011A6ACAAF59135D95 /* SourceResolver.swift */,
				6A85D0BB3738610DA9538300 /* TextAppSource.swift */,
			);
			path = Sources;
			sourceTree = "<group>";
		};
		E19972ADFB076628B889626B /* Products */ = {
			isa = PBXGroup;
			children = (
				B14D602A59AFD8E07526996B /* Susurro.app */,
				45A8E0314B400FAB476BB330 /* SusurroTests.xctest */,
			);
			name = Products;
			sourceTree = "<group>";
		};
		ED0E8A5721FF41B740791DEF /* Susurro */ = {
			isa = PBXGroup;
			children = (
				6D71EA7FAD737A685ABC513E /* AppState.swift */,
				914A132B59FC2B0FD7A9A2E3 /* AppStateTests.swift */,
				3827E70F2F6E561D053A47A4 /* Info.plist */,
				16C6622D79F394C34231FB27 /* Logging.swift */,
				492D62CBF47CFBADC2106DAA /* MenuBarView.swift */,
				19180225883D9D48C4DB3822 /* Susurro.entitlements */,
				BA2C69786A97D2FD135087F5 /* SusurroApp.swift */,
				AA5405596110305D0D271723 /* Accessibility */,
				6C0F23C7037FB9DD5D1893EB /* Backend */,
				A180AF8DA38D35DAD4FA074A /* Diagnostics */,
				9056F391BA56546795521D37 /* Hotkey */,
				AA01BB0300000001AAAAAAAA /* MenuBar */,
				08F41DA4B5E88FBA80EAF3CE /* Panel */,
				210262572B5A722B59F7E900 /* Playback */,
				435C31EE73E4CA7F1ED9ED7A /* Selection */,
				D9C3A2009D2A1F6716EA1EE2 /* Sources */,
				4544B534797E0EB1808AAA44 /* TTS */,
			);
			path = Susurro;
			sourceTree = "<group>";
		};
/* End PBXGroup section */

/* Begin PBXNativeTarget section */
		36391E216E55084A08E8DAFE /* SusurroTests */ = {
			isa = PBXNativeTarget;
			buildConfigurationList = 75E5D09D287EBF4C6288A1D2 /* Build configuration list for PBXNativeTarget "SusurroTests" */;
			buildPhases = (
				F3A22F2EEB45F63F3E06C916 /* Sources */,
			);
			buildRules = (
			);
			dependencies = (
				5B6204B656ED24D39E425206 /* PBXTargetDependency */,
			);
			name = SusurroTests;
			packageProductDependencies = (
			);
			productName = SusurroTests;
			productReference = 45A8E0314B400FAB476BB330 /* SusurroTests.xctest */;
			productType = "com.apple.product-type.bundle.unit-test";
		};
		4B4E79304761037C05D18E8B /* Susurro */ = {
			isa = PBXNativeTarget;
			buildConfigurationList = 61565E6469A8D9F1BD7516C5 /* Build configuration list for PBXNativeTarget "Susurro" */;
			buildPhases = (
				0EDE8ABBD37BA6DF67BCBDCB /* Sources */,
			);
			buildRules = (
			);
			dependencies = (
			);
			name = Susurro;
			packageProductDependencies = (
			);
			productName = Susurro;
			productReference = B14D602A59AFD8E07526996B /* Susurro.app */;
			productType = "com.apple.product-type.application";
		};
/* End PBXNativeTarget section */

/* Begin PBXProject section */
		C7BA8E98AE67A386841A2BE0 /* Project object */ = {
			isa = PBXProject;
			attributes = {
				BuildIndependentTargetsInParallel = YES;
				LastUpgradeCheck = 1430;
				TargetAttributes = {
					36391E216E55084A08E8DAFE = {
						ProvisioningStyle = Manual;
					};
					4B4E79304761037C05D18E8B = {
						ProvisioningStyle = Manual;
					};
				};
			};
			buildConfigurationList = B1179C06C1CBD2BE6CCF7E58 /* Build configuration list for PBXProject "Susurro" */;
			developmentRegion = en;
			hasScannedForEncodings = 0;
			knownRegions = (
				Base,
				en,
			);
			mainGroup = 700A2197088E9E8C2C6A40D9;
			minimizedProjectReferenceProxies = 1;
			preferredProjectObjectVersion = 77;
			productRefGroup = E19972ADFB076628B889626B /* Products */;
			projectDirPath = "";
			projectRoot = "";
			targets = (
				4B4E79304761037C05D18E8B /* Susurro */,
				36391E216E55084A08E8DAFE /* SusurroTests */,
			);
		};
/* End PBXProject section */

/* Begin PBXSourcesBuildPhase section */
		0EDE8ABBD37BA6DF67BCBDCB /* Sources */ = {
			isa = PBXSourcesBuildPhase;
			buildActionMask = 2147483647;
			files = (
				1CB5E01E1DBCF5F653916558 /* AccessibilityPermission.swift in Sources */,
				FE9337EA1BFEC2405E813D6F /* AppState.swift in Sources */,
				AA01BB0100000001AAAAAAAA /* IconState.swift in Sources */,
				AA01BB0100000002AAAAAAAA /* MenuBarIcon.swift in Sources */,
				AA01BB0100000003AAAAAAAA /* PlaybackHubView.swift in Sources */,
				AA01BB0100000004AAAAAAAA /* MenuBarPlaybackBridge.swift in Sources */,
				5D31E40F58E85208F80C00B0 /* BackendClient.swift in Sources */,
				449C34B48F54E84EAD7C0984 /* BackendProcess.swift in Sources */,
				1F35D3F49F98CDBFE5A6360F /* BrowserURLSource.swift in Sources */,
				3E6BDA6663282FA55D0F26BA /* ContentSource.swift in Sources */,
				2E73C1D4F0C93CC14D7AEBB2 /* Diagnostics.swift in Sources */,
				5F4400975BADEF3AF7A3EBAF /* DiagnosticsMenu.swift in Sources */,
				09E8CB980C3F94FB8CAED707 /* FloatingPanel.swift in Sources */,
				11030CDD46B9724A016BC06E /* GlobalHotkey.swift in Sources */,
				65604C6E459644B7DA661338 /* Keychain.swift in Sources */,
				F895A09CCC35935BFEDDC5BC /* Lockfile.swift in Sources */,
				74ECFEBBDF0E479263A8BA00 /* Logging.swift in Sources */,
				FB6D022ACB2D77A1AD588FEE /* MenuBarView.swift in Sources */,
				D47F2055BB5ED75ED46158CA /* PDFKitSource.swift in Sources */,
				082C4F277CA44BFE20D0FF8C /* PanelContent.swift in Sources */,
				5307A5F0CE739BED8FF4E000 /* PanelController.swift in Sources */,
				10536B68C9C3B043F4282591 /* PanelPositioner.swift in Sources */,
				35723048FD8093B09ECE82F7 /* PermissionCoordinator.swift in Sources */,
				8E1C8BF6F218A301D0AC304C /* PermissionWindow.swift in Sources */,
				B02BF00A400FE627995DA36E /* PlaybackCoordinator.swift in Sources */,
				FC28C6ABEB557CAA4EDD2BCA /* PronunciationsWindow.swift in Sources */,
				EC5574E61E84D8BE3EEF453F /* SelectableTextView.swift in Sources */,
				F6DBA5F2F7B810874B8B4CBC /* SelectionObserver.swift in Sources */,
				CE506843F7D8A6E856FD459F /* SelectionReader.swift in Sources */,
				3739A8010A4DC7914D2696B8 /* SessionStore.swift in Sources */,
				9D1BE0196E466DA3231B5DA5 /* SourceResolver.swift in Sources */,
				68B16A789DE1E93D0CFBB9F1 /* SusurroApp.swift in Sources */,
				D22923CAA562AB0BFFF83587 /* TTSConfigWindow.swift in Sources */,
				EEB63BFFEB23A5034F17412C /* TTSMenu.swift in Sources */,
				E380060A2A297F597BE4ABB3 /* TTSSettings.swift in Sources */,
				671DC84DF13634D4D459D541 /* TextAppSource.swift in Sources */,
				4C9993A1A34B2100BBA9BD2A /* TranscriptWindow.swift in Sources */,
				343293A77E4F7B54B12E44EB /* VisualEffectBackground.swift in Sources */,
			);
			runOnlyForDeploymentPostprocessing = 0;
		};
		F3A22F2EEB45F63F3E06C916 /* Sources */ = {
			isa = PBXSourcesBuildPhase;
			buildActionMask = 2147483647;
			files = (
				A233636E3438EFC1D58BE900 /* AccessibilityPermissionTests.swift in Sources */,
				A2812E7BDC5FFBE8074A4350 /* AppStateTests.swift in Sources */,
				B5520466B0F9A6B5FC3D245E /* BackendProcessTests.swift in Sources */,
				48AA20544D243E488F919FE9 /* DiagnosticsTests.swift in Sources */,
				07D47CA272A50AEA9C996256 /* PanelPositionerTests.swift in Sources */,
				281EA51ABC606C15DCDAAF93 /* PlaybackCoordinatorTests.swift in Sources */,
				0B851284326536C287346916 /* SelectionReaderTests.swift in Sources */,
			);
			runOnlyForDeploymentPostprocessing = 0;
		};
/* End PBXSourcesBuildPhase section */

/* Begin PBXTargetDependency section */
		5B6204B656ED24D39E425206 /* PBXTargetDependency */ = {
			isa = PBXTargetDependency;
			target = 4B4E79304761037C05D18E8B /* Susurro */;
			targetProxy = 6B6234967EC53D896A3EC8F4 /* PBXContainerItemProxy */;
		};
/* End PBXTargetDependency section */

/* Begin XCBuildConfiguration section */
		1ACEB7F0152DA35AEDC48C43 /* Release */ = {
			isa = XCBuildConfiguration;
			buildSettings = {
				ASSETCATALOG_COMPILER_APPICON_NAME = AppIcon;
				CODE_SIGN_ENTITLEMENTS = Susurro/Susurro.entitlements;
				COMBINE_HIDPI_IMAGES = YES;
				GENERATE_INFOPLIST_FILE = NO;
				INFOPLIST_FILE = Susurro/Info.plist;
				LD_RUNPATH_SEARCH_PATHS = (
					"$(inherited)",
					"@executable_path/../Frameworks",
				);
				PRODUCT_BUNDLE_IDENTIFIER = com.benatespina.susurro;
				SDKROOT = macosx;
			};
			name = Release;
		};
		7CB5A123C1BAB2DB019C30A2 /* Release */ = {
			isa = XCBuildConfiguration;
			buildSettings = {
				BUNDLE_LOADER = "$(TEST_HOST)";
				COMBINE_HIDPI_IMAGES = YES;
				INFOPLIST_FILE = Susurro/Info.plist;
				LD_RUNPATH_SEARCH_PATHS = (
					"$(inherited)",
					"@executable_path/../Frameworks",
					"@loader_path/../Frameworks",
				);
				PRODUCT_BUNDLE_IDENTIFIER = com.benatespina.susurrotests;
				SDKROOT = macosx;
				TEST_HOST = "$(BUILT_PRODUCTS_DIR)/Susurro.app/Contents/MacOS/Susurro";
			};
			name = Release;
		};
		9BA6A482F6BD8054448D39F9 /* Debug */ = {
			isa = XCBuildConfiguration;
			buildSettings = {
				ALWAYS_SEARCH_USER_PATHS = NO;
				ARCHS = arm64;
				CLANG_ANALYZER_NONNULL = YES;
				CLANG_ANALYZER_NUMBER_OBJECT_CONVERSION = YES_AGGRESSIVE;
				CLANG_CXX_LANGUAGE_STANDARD = "gnu++14";
				CLANG_CXX_LIBRARY = "libc++";
				CLANG_ENABLE_MODULES = YES;
				CLANG_ENABLE_OBJC_ARC = YES;
				CLANG_ENABLE_OBJC_WEAK = YES;
				CLANG_WARN_BLOCK_CAPTURE_AUTORELEASING = YES;
				CLANG_WARN_BOOL_CONVERSION = YES;
				CLANG_WARN_COMMA = YES;
				CLANG_WARN_CONSTANT_CONVERSION = YES;
				CLANG_WARN_DEPRECATED_OBJC_IMPLEMENTATIONS = YES;
				CLANG_WARN_DIRECT_OBJC_ISA_USAGE = YES_ERROR;
				CLANG_WARN_DOCUMENTATION_COMMENTS = YES;
				CLANG_WARN_EMPTY_BODY = YES;
				CLANG_WARN_ENUM_CONVERSION = YES;
				CLANG_WARN_INFINITE_RECURSION = YES;
				CLANG_WARN_INT_CONVERSION = YES;
				CLANG_WARN_NON_LITERAL_NULL_CONVERSION = YES;
				CLANG_WARN_OBJC_IMPLICIT_RETAIN_SELF = YES;
				CLANG_WARN_OBJC_LITERAL_CONVERSION = YES;
				CLANG_WARN_OBJC_ROOT_CLASS = YES_ERROR;
				CLANG_WARN_QUOTED_INCLUDE_IN_FRAMEWORK_HEADER = YES;
				CLANG_WARN_RANGE_LOOP_ANALYSIS = YES;
				CLANG_WARN_STRICT_PROTOTYPES = YES;
				CLANG_WARN_SUSPICIOUS_MOVE = YES;
				CLANG_WARN_UNGUARDED_AVAILABILITY = YES_AGGRESSIVE;
				CLANG_WARN_UNREACHABLE_CODE = YES;
				CLANG_WARN__DUPLICATE_METHOD_MATCH = YES;
				CODE_SIGN_IDENTITY = "Susurro Dev";
				CODE_SIGN_STYLE = Manual;
				COPY_PHASE_STRIP = NO;
				DEBUG_INFORMATION_FORMAT = dwarf;
				ENABLE_HARDENED_RUNTIME = NO;
				ENABLE_STRICT_OBJC_MSGSEND = YES;
				ENABLE_TESTABILITY = YES;
				GCC_C_LANGUAGE_STANDARD = gnu11;
				GCC_DYNAMIC_NO_PIC = NO;
				GCC_NO_COMMON_BLOCKS = YES;
				GCC_OPTIMIZATION_LEVEL = 0;
				GCC_PREPROCESSOR_DEFINITIONS = (
					"$(inherited)",
					"DEBUG=1",
				);
				GCC_WARN_64_TO_32_BIT_CONVERSION = YES;
				GCC_WARN_ABOUT_RETURN_TYPE = YES_ERROR;
				GCC_WARN_UNDECLARED_SELECTOR = YES;
				GCC_WARN_UNINITIALIZED_AUTOS = YES_AGGRESSIVE;
				GCC_WARN_UNUSED_FUNCTION = YES;
				GCC_WARN_UNUSED_VARIABLE = YES;
				MACOSX_DEPLOYMENT_TARGET = 26.0;
				MTL_ENABLE_DEBUG_INFO = INCLUDE_SOURCE;
				MTL_FAST_MATH = YES;
				ONLY_ACTIVE_ARCH = YES;
				PRODUCT_NAME = "$(TARGET_NAME)";
				SDKROOT = macosx;
				SWIFT_ACTIVE_COMPILATION_CONDITIONS = DEBUG;
				SWIFT_OPTIMIZATION_LEVEL = "-Onone";
				SWIFT_STRICT_CONCURRENCY = complete;
				SWIFT_VERSION = 6.0;
			};
			name = Debug;
		};
		CC103BBEC240A6E7F9031E7E /* Debug */ = {
			isa = XCBuildConfiguration;
			buildSettings = {
				ASSETCATALOG_COMPILER_APPICON_NAME = AppIcon;
				CODE_SIGN_ENTITLEMENTS = Susurro/Susurro.entitlements;
				COMBINE_HIDPI_IMAGES = YES;
				GENERATE_INFOPLIST_FILE = NO;
				INFOPLIST_FILE = Susurro/Info.plist;
				LD_RUNPATH_SEARCH_PATHS = (
					"$(inherited)",
					"@executable_path/../Frameworks",
				);
				PRODUCT_BUNDLE_IDENTIFIER = com.benatespina.susurro;
				SDKROOT = macosx;
			};
			name = Debug;
		};
		DEB2BE3C99C7237ADD758450 /* Release */ = {
			isa = XCBuildConfiguration;
			buildSettings = {
				ALWAYS_SEARCH_USER_PATHS = NO;
				ARCHS = arm64;
				CLANG_ANALYZER_NONNULL = YES;
				CLANG_ANALYZER_NUMBER_OBJECT_CONVERSION = YES_AGGRESSIVE;
				CLANG_CXX_LANGUAGE_STANDARD = "gnu++14";
				CLANG_CXX_LIBRARY = "libc++";
				CLANG_ENABLE_MODULES = YES;
				CLANG_ENABLE_OBJC_ARC = YES;
				CLANG_ENABLE_OBJC_WEAK = YES;
				CLANG_WARN_BLOCK_CAPTURE_AUTORELEASING = YES;
				CLANG_WARN_BOOL_CONVERSION = YES;
				CLANG_WARN_COMMA = YES;
				CLANG_WARN_CONSTANT_CONVERSION = YES;
				CLANG_WARN_DEPRECATED_OBJC_IMPLEMENTATIONS = YES;
				CLANG_WARN_DIRECT_OBJC_ISA_USAGE = YES_ERROR;
				CLANG_WARN_DOCUMENTATION_COMMENTS = YES;
				CLANG_WARN_EMPTY_BODY = YES;
				CLANG_WARN_ENUM_CONVERSION = YES;
				CLANG_WARN_INFINITE_RECURSION = YES;
				CLANG_WARN_INT_CONVERSION = YES;
				CLANG_WARN_NON_LITERAL_NULL_CONVERSION = YES;
				CLANG_WARN_OBJC_IMPLICIT_RETAIN_SELF = YES;
				CLANG_WARN_OBJC_LITERAL_CONVERSION = YES;
				CLANG_WARN_OBJC_ROOT_CLASS = YES_ERROR;
				CLANG_WARN_QUOTED_INCLUDE_IN_FRAMEWORK_HEADER = YES;
				CLANG_WARN_RANGE_LOOP_ANALYSIS = YES;
				CLANG_WARN_STRICT_PROTOTYPES = YES;
				CLANG_WARN_SUSPICIOUS_MOVE = YES;
				CLANG_WARN_UNGUARDED_AVAILABILITY = YES_AGGRESSIVE;
				CLANG_WARN_UNREACHABLE_CODE = YES;
				CLANG_WARN__DUPLICATE_METHOD_MATCH = YES;
				CODE_SIGN_IDENTITY = "Susurro Dev";
				CODE_SIGN_STYLE = Manual;
				COPY_PHASE_STRIP = NO;
				DEBUG_INFORMATION_FORMAT = "dwarf-with-dsym";
				ENABLE_HARDENED_RUNTIME = NO;
				ENABLE_NS_ASSERTIONS = NO;
				ENABLE_STRICT_OBJC_MSGSEND = YES;
				GCC_C_LANGUAGE_STANDARD = gnu11;
				GCC_NO_COMMON_BLOCKS = YES;
				GCC_WARN_64_TO_32_BIT_CONVERSION = YES;
				GCC_WARN_ABOUT_RETURN_TYPE = YES_ERROR;
				GCC_WARN_UNDECLARED_SELECTOR = YES;
				GCC_WARN_UNINITIALIZED_AUTOS = YES_AGGRESSIVE;
				GCC_WARN_UNUSED_FUNCTION = YES;
				GCC_WARN_UNUSED_VARIABLE = YES;
				MACOSX_DEPLOYMENT_TARGET = 26.0;
				MTL_ENABLE_DEBUG_INFO = NO;
				MTL_FAST_MATH = YES;
				ONLY_ACTIVE_ARCH = YES;
				PRODUCT_NAME = "$(TARGET_NAME)";
				SDKROOT = macosx;
				SWIFT_COMPILATION_MODE = wholemodule;
				SWIFT_OPTIMIZATION_LEVEL = "-O";
				SWIFT_STRICT_CONCURRENCY = complete;
				SWIFT_VERSION = 6.0;
			};
			name = Release;
		};
		FD06159533B2B8294166AF9D /* Debug */ = {
			isa = XCBuildConfiguration;
			buildSettings = {
				BUNDLE_LOADER = "$(TEST_HOST)";
				COMBINE_HIDPI_IMAGES = YES;
				INFOPLIST_FILE = Susurro/Info.plist;
				LD_RUNPATH_SEARCH_PATHS = (
					"$(inherited)",
					"@executable_path/../Frameworks",
					"@loader_path/../Frameworks",
				);
				PRODUCT_BUNDLE_IDENTIFIER = com.benatespina.susurrotests;
				SDKROOT = macosx;
				TEST_HOST = "$(BUILT_PRODUCTS_DIR)/Susurro.app/Contents/MacOS/Susurro";
			};
			name = Debug;
		};
/* End XCBuildConfiguration section */

/* Begin XCConfigurationList section */
		61565E6469A8D9F1BD7516C5 /* Build configuration list for PBXNativeTarget "Susurro" */ = {
			isa = XCConfigurationList;
			buildConfigurations = (
				CC103BBEC240A6E7F9031E7E /* Debug */,
				1ACEB7F0152DA35AEDC48C43 /* Release */,
			);
			defaultConfigurationIsVisible = 0;
			defaultConfigurationName = Debug;
		};
		75E5D09D287EBF4C6288A1D2 /* Build configuration list for PBXNativeTarget "SusurroTests" */ = {
			isa = XCConfigurationList;
			buildConfigurations = (
				FD06159533B2B8294166AF9D /* Debug */,
				7CB5A123C1BAB2DB019C30A2 /* Release */,
			);
			defaultConfigurationIsVisible = 0;
			defaultConfigurationName = Debug;
		};
		B1179C06C1CBD2BE6CCF7E58 /* Build configuration list for PBXProject "Susurro" */ = {
			isa = XCConfigurationList;
			buildConfigurations = (
				9BA6A482F6BD8054448D39F9 /* Debug */,
				DEB2BE3C99C7237ADD758450 /* Release */,
			);
			defaultConfigurationIsVisible = 0;
			defaultConfigurationName = Debug;
		};
/* End XCConfigurationList section */
	};
	rootObject = C7BA8E98AE67A386841A2BE0 /* Project object */;
}
